
Microsoft Visual Studio Solution File, Format Version 12.00
# Visual Studio Version 16
VisualStudioVersion = 16.0.32126.315
MinimumVisualStudioVersion = 10.0.40219.1
Project("{FAE04EC0-301F-11D3-BF4B-00C04F79EFBC}") = "WpfLab19_1", "WpfLab19_1\WpfLab19_1.csproj", "{49B3B4D9-8333-44F4-ADAB-444AEB9CE437}"
EndProject
Global
	GlobalSection(SolutionConfigurationPlatforms) = preSolution
		Debug|Any CPU = Debug|Any CPU
		Release|Any CPU = Release|Any CPU
	EndGlobalSection
	GlobalSection(ProjectConfigurationPlatforms) = postSolution
		{49B3B4D9-8333-44F4-ADAB-444AEB9CE437}.Debug|Any CPU.ActiveCfg = Debug|Any CPU
		{49B3B4D9-8333-44F4-ADAB-444AEB9CE437}.Debug|Any CPU.Build.0 = Debug|Any CPU
		{49B3B4D9-8333-44F4-ADAB-444AEB9CE437}.Release|Any CPU.ActiveCfg = Release|Any CPU
		{49B3B4D9-8333-44F4-ADAB-444AEB9CE437}.Release|Any CPU.Build.0 = Release|Any CPU
	EndGlobalSection
	GlobalSection(SolutionProperties) = preSolution
		HideSolutionNode = FALSE
	EndGlobalSection
	GlobalSection(ExtensibilityGlobals) = postSolution
		SolutionGuid = {83AFD3D3-A8DF-4781-B9B7-132F31D6EB02}
	EndGlobalSection
EndGlobal
